
Microsoft Visual Studio Solution File, Format Version 12.00
# Visual Studio Version 16
VisualStudioVersion = 16.0.30621.155
MinimumVisualStudioVersion = 10.0.40219.1
Project("{9A19103F-16F7-4668-BE54-9A1E7A4F7556}") = "ConsoleApp", "ConsoleApp\ConsoleApp.csproj", "{31556E5E-3FC7-4DD3-8059-5AC310385626}"
EndProject
Project("{FAE04EC0-301F-11D3-BF4B-00C04F79EFBC}") = "Arrays", "Arrays\Arrays.csproj", "{0AD8AEB4-1F03-4A74-9ABF-871E4A0BE374}"
EndProject
Project("{FAE04EC0-301F-11D3-BF4B-00C04F79EFBC}") = "Wiels", "..\Wiels\Wiels.csproj", "{C102D983-D4CA-44DE-AABD-E2E79C9FE549}"
EndProject
Project("{FAE04EC0-301F-11D3-BF4B-00C04F79EFBC}") = "Functions", "Functions\Functions.csproj", "{EDA218F0-3E04-49FD-9CAE-50D61EDF559D}"
EndProject
Project("{FAE04EC0-301F-11D3-BF4B-00C04F79EFBC}") = "Recursive", "Recursive\Recursive.csproj", "{584C0350-B6AE-40D7-B5C5-46C927C864BA}"
EndProject
Project("{FAE04EC0-301F-11D3-BF4B-00C04F79EFBC}") = "Pifagor", "Pifagor\Pifagor.csproj", "{390E692A-F7F5-4384-9EAE-9FE42CEA86C6}"
EndProject
Project("{FAE04EC0-301F-11D3-BF4B-00C04F79EFBC}") = "MFU", "MFU\MFU.csproj", "{1A980F50-83A8-4B07-89EA-358BD9054A9D}"
EndProject
Global
	GlobalSection(SolutionConfigurationPlatforms) = preSolution
		Debug|Any CPU = Debug|Any CPU
		Release|Any CPU = Release|Any CPU
	EndGlobalSection
	GlobalSection(ProjectConfigurationPlatforms) = postSolution
		{31556E5E-3FC7-4DD3-8059-5AC310385626}.Debug|Any CPU.ActiveCfg = Debug|Any CPU
		{31556E5E-3FC7-4DD3-8059-5AC310385626}.Debug|Any CPU.Build.0 = Debug|Any CPU
		{31556E5E-3FC7-4DD3-8059-5AC310385626}.Release|Any CPU.ActiveCfg = Release|Any CPU
		{31556E5E-3FC7-4DD3-8059-5AC310385626}.Release|Any CPU.Build.0 = Release|Any CPU
		{0AD8AEB4-1F03-4A74-9ABF-871E4A0BE374}.Debug|Any CPU.ActiveCfg = Debug|Any CPU
		{0AD8AEB4-1F03-4A74-9ABF-871E4A0BE374}.Debug|Any CPU.Build.0 = Debug|Any CPU
		{0AD8AEB4-1F03-4A74-9ABF-871E4A0BE374}.Release|Any CPU.ActiveCfg = Release|Any CPU
		{0AD8AEB4-1F03-4A74-9ABF-871E4A0BE374}.Release|Any CPU.Build.0 = Release|Any CPU
		{C102D983-D4CA-44DE-AABD-E2E79C9FE549}.Debug|Any CPU.ActiveCfg = Debug|Any CPU
		{C102D983-D4CA-44DE-AABD-E2E79C9FE549}.Debug|Any CPU.Build.0 = Debug|Any CPU
		{C102D983-D4CA-44DE-AABD-E2E79C9FE549}.Release|Any CPU.ActiveCfg = Release|Any CPU
		{C102D983-D4CA-44DE-AABD-E2E79C9FE549}.Release|Any CPU.Build.0 = Release|Any CPU
		{EDA218F0-3E04-49FD-9CAE-50D61EDF559D}.Debug|Any CPU.ActiveCfg = Debug|Any CPU
		{EDA218F0-3E04-49FD-9CAE-50D61EDF559D}.Debug|Any CPU.Build.0 = Debug|Any CPU
		{EDA218F0-3E04-49FD-9CAE-50D61EDF559D}.Release|Any CPU.ActiveCfg = Release|Any CPU
		{EDA218F0-3E04-49FD-9CAE-50D61EDF559D}.Release|Any CPU.Build.0 = Release|Any CPU
		{584C0350-B6AE-40D7-B5C5-46C927C864BA}.Debug|Any CPU.ActiveCfg = Debug|Any CPU
		{584C0350-B6AE-40D7-B5C5-46C927C864BA}.Debug|Any CPU.Build.0 = Debug|Any CPU
		{584C0350-B6AE-40D7-B5C5-46C927C864BA}.Release|Any CPU.ActiveCfg = Release|Any CPU
		{584C0350-B6AE-40D7-B5C5-46C927C864BA}.Release|Any CPU.Build.0 = Release|Any CPU
		{390E692A-F7F5-4384-9EAE-9FE42CEA86C6}.Debug|Any CPU.ActiveCfg = Debug|Any CPU
		{390E692A-F7F5-4384-9EAE-9FE42CEA86C6}.Debug|Any CPU.Build.0 = Debug|Any CPU
		{390E692A-F7F5-4384-9EAE-9FE42CEA86C6}.Release|Any CPU.ActiveCfg = Release|Any CPU
		{390E692A-F7F5-4384-9EAE-9FE42CEA86C6}.Release|Any CPU.Build.0 = Release|Any CPU
		{1A980F50-83A8-4B07-89EA-358BD9054A9D}.Debug|Any CPU.ActiveCfg = Debug|Any CPU
		{1A980F50-83A8-4B07-89EA-358BD9054A9D}.Debug|Any CPU.Build.0 = Debug|Any CPU
		{1A980F50-83A8-4B07-89EA-358BD9054A9D}.Release|Any CPU.ActiveCfg = Release|Any CPU
		{1A980F50-83A8-4B07-89EA-358BD9054A9D}.Release|Any CPU.Build.0 = Release|Any CPU
	EndGlobalSection
	GlobalSection(SolutionProperties) = preSolution
		HideSolutionNode = FALSE
	EndGlobalSection
	GlobalSection(ExtensibilityGlobals) = postSolution
		SolutionGuid = {6DAFC633-DFF4-4F8E-8ADF-7C6986B8226B}
	EndGlobalSection
EndGlobal
